
Microsoft Visual Studio Solution File, Format Version 12.00
# Visual Studio Version 17
VisualStudioVersion = 17.2.32427.441
MinimumVisualStudioVersion = 10.0.40219.1
Project("{9A19103F-16F7-4668-BE54-9A1E7A4F7556}") = "AutoRetainer", "AutoRetainer\AutoRetainer.csproj", "{C60CB325-B487-4F98-AE4B-E5751906A088}"
EndProject
Project("{9A19103F-16F7-4668-BE54-9A1E7A4F7556}") = "ECommons", "ECommons\ECommons\ECommons.csproj", "{87B80C08-B4B5-468C-A3BE-6BCFCBBEE61C}"
EndProject
Project("{9A19103F-16F7-4668-BE54-9A1E7A4F7556}") = "PunishLib", "PunishLib\PunishLib\PunishLib.csproj", "{A345FDA7-19F5-42D1-919F-ADBAFF4CB770}"
EndProject
Project("{9A19103F-16F7-4668-BE54-9A1E7A4F7556}") = "ClickLib", "ClickLib\ClickLib\ClickLib.csproj", "{EDA006EE-7035-4C9B-9080-E12AE488CADA}"
EndProject
Project("{2150E333-8FDC-42A3-9474-1A3956D46DE8}") = "Solution Items", "Solution Items", "{534B94BB-3196-4D98-AA29-05A9059D5D7F}"
	ProjectSection(SolutionItems) = preProject
		.editorconfig = .editorconfig
		VentureOverrideTest.cs = VentureOverrideTest.cs
	EndProjectSection
EndProject
Project("{9A19103F-16F7-4668-BE54-9A1E7A4F7556}") = "AutoRetainerAPI", "AutoRetainerAPI\AutoRetainerAPI\AutoRetainerAPI.csproj", "{807C2DC6-E136-4982-9A31-C233CA7C2846}"
EndProject
Project("{9A19103F-16F7-4668-BE54-9A1E7A4F7556}") = "NotificationMasterAPI", "..\NotificationMasterAPI\NotificationMasterAPI\NotificationMasterAPI.csproj", "{84CE3FC5-6C80-4683-B1A0-A90840BF17CA}"
EndProject
Global
	GlobalSection(SolutionConfigurationPlatforms) = preSolution
		Debug|Any CPU = Debug|Any CPU
		Debug|x64 = Debug|x64
		Release|Any CPU = Release|Any CPU
		Release|x64 = Release|x64
	EndGlobalSection
	GlobalSection(ProjectConfigurationPlatforms) = postSolution
		{C60CB325-B487-4F98-AE4B-E5751906A088}.Debug|Any CPU.ActiveCfg = Debug|x64
		{C60CB325-B487-4F98-AE4B-E5751906A088}.Debug|Any CPU.Build.0 = Debug|x64
		{C60CB325-B487-4F98-AE4B-E5751906A088}.Debug|x64.ActiveCfg = Debug|x64
		{C60CB325-B487-4F98-AE4B-E5751906A088}.Debug|x64.Build.0 = Debug|x64
		{C60CB325-B487-4F98-AE4B-E5751906A088}.Release|Any CPU.ActiveCfg = Release|x64
		{C60CB325-B487-4F98-AE4B-E5751906A088}.Release|Any CPU.Build.0 = Release|x64
		{C60CB325-B487-4F98-AE4B-E5751906A088}.Release|x64.ActiveCfg = Release|x64
		{C60CB325-B487-4F98-AE4B-E5751906A088}.Release|x64.Build.0 = Release|x64
		{87B80C08-B4B5-468C-A3BE-6BCFCBBEE61C}.Debug|Any CPU.ActiveCfg = Debug|x64
		{87B80C08-B4B5-468C-A3BE-6BCFCBBEE61C}.Debug|Any CPU.Build.0 = Debug|x64
		{87B80C08-B4B5-468C-A3BE-6BCFCBBEE61C}.Debug|x64.ActiveCfg = Debug|x64
		{87B80C08-B4B5-468C-A3BE-6BCFCBBEE61C}.Debug|x64.Build.0 = Debug|x64
		{87B80C08-B4B5-468C-A3BE-6BCFCBBEE61C}.Release|Any CPU.ActiveCfg = ReleaseForms|x64
		{87B80C08-B4B5-468C-A3BE-6BCFCBBEE61C}.Release|Any CPU.Build.0 = ReleaseForms|x64
		{87B80C08-B4B5-468C-A3BE-6BCFCBBEE61C}.Release|x64.ActiveCfg = Release|x64
		{87B80C08-B4B5-468C-A3BE-6BCFCBBEE61C}.Release|x64.Build.0 = Release|x64
		{A345FDA7-19F5-42D1-919F-ADBAFF4CB770}.Debug|Any CPU.ActiveCfg = Debug|x64
		{A345FDA7-19F5-42D1-919F-ADBAFF4CB770}.Debug|Any CPU.Build.0 = Debug|x64
		{A345FDA7-19F5-42D1-919F-ADBAFF4CB770}.Debug|x64.ActiveCfg = Debug|x64
		{A345FDA7-19F5-42D1-919F-ADBAFF4CB770}.Debug|x64.Build.0 = Debug|x64
		{A345FDA7-19F5-42D1-919F-ADBAFF4CB770}.Release|Any CPU.ActiveCfg = Release|x64
		{A345FDA7-19F5-42D1-919F-ADBAFF4CB770}.Release|Any CPU.Build.0 = Release|x64
		{A345FDA7-19F5-42D1-919F-ADBAFF4CB770}.Release|x64.ActiveCfg = Release|x64
		{A345FDA7-19F5-42D1-919F-ADBAFF4CB770}.Release|x64.Build.0 = Release|x64
		{EDA006EE-7035-4C9B-9080-E12AE488CADA}.Debug|Any CPU.ActiveCfg = Debug|x64
		{EDA006EE-7035-4C9B-9080-E12AE488CADA}.Debug|Any CPU.Build.0 = Debug|x64
		{EDA006EE-7035-4C9B-9080-E12AE488CADA}.Debug|x64.ActiveCfg = Debug|x64
		{EDA006EE-7035-4C9B-9080-E12AE488CADA}.Debug|x64.Build.0 = Debug|x64
		{EDA006EE-7035-4C9B-9080-E12AE488CADA}.Release|Any CPU.ActiveCfg = Release|x64
		{EDA006EE-7035-4C9B-9080-E12AE488CADA}.Release|Any CPU.Build.0 = Release|x64
		{EDA006EE-7035-4C9B-9080-E12AE488CADA}.Release|x64.ActiveCfg = Release|x64
		{EDA006EE-7035-4C9B-9080-E12AE488CADA}.Release|x64.Build.0 = Release|x64
		{807C2DC6-E136-4982-9A31-C233CA7C2846}.Debug|Any CPU.ActiveCfg = Debug|x64
		{807C2DC6-E136-4982-9A31-C233CA7C2846}.Debug|Any CPU.Build.0 = Debug|x64
		{807C2DC6-E136-4982-9A31-C233CA7C2846}.Debug|x64.ActiveCfg = Debug|x64
		{807C2DC6-E136-4982-9A31-C233CA7C2846}.Debug|x64.Build.0 = Debug|x64
		{807C2DC6-E136-4982-9A31-C233CA7C2846}.Release|Any CPU.ActiveCfg = Release|x64
		{807C2DC6-E136-4982-9A31-C233CA7C2846}.Release|Any CPU.Build.0 = Release|x64
		{807C2DC6-E136-4982-9A31-C233CA7C2846}.Release|x64.ActiveCfg = Release|x64
		{807C2DC6-E136-4982-9A31-C233CA7C2846}.Release|x64.Build.0 = Release|x64
		{84CE3FC5-6C80-4683-B1A0-A90840BF17CA}.Debug|Any CPU.ActiveCfg = Debug|x64
		{84CE3FC5-6C80-4683-B1A0-A90840BF17CA}.Debug|Any CPU.Build.0 = Debug|x64
		{84CE3FC5-6C80-4683-B1A0-A90840BF17CA}.Debug|x64.ActiveCfg = Debug|x64
		{84CE3FC5-6C80-4683-B1A0-A90840BF17CA}.Debug|x64.Build.0 = Debug|x64
		{84CE3FC5-6C80-4683-B1A0-A90840BF17CA}.Release|Any CPU.ActiveCfg = Release|x64
		{84CE3FC5-6C80-4683-B1A0-A90840BF17CA}.Release|Any CPU.Build.0 = Release|x64
		{84CE3FC5-6C80-4683-B1A0-A90840BF17CA}.Release|x64.ActiveCfg = Release|x64
		{84CE3FC5-6C80-4683-B1A0-A90840BF17CA}.Release|x64.Build.0 = Release|x64
	EndGlobalSection
	GlobalSection(SolutionProperties) = preSolution
		HideSolutionNode = FALSE
	EndGlobalSection
	GlobalSection(ExtensibilityGlobals) = postSolution
		SolutionGuid = {A0EF4C68-A3FF-49D8-B6D4-20AB77125C34}
	EndGlobalSection
EndGlobal
